Microsoft Visual Studio Solution File, Format Version 11.00
# Visual Studio 2008

Project("{796C7208-3F04-3862-7144-60E05636DDE0}") = "ADangerousGame", "Assembly-CSharp-firstpass.csproj", "{5C55CBB8-ABE5-6A07-47E3-6DF6A8837D73}"
EndProject
Project("{796C7208-3F04-3862-7144-60E05636DDE0}") = "ADangerousGame", "Assembly-CSharp.csproj", "{BCC3096A-7862-4A4F-6F11-0497A3080DF3}"
EndProject
Project("{796C7208-3F04-3862-7144-60E05636DDE0}") = "ADangerousGame", "Assembly-UnityScript-firstpass.unityproj", "{BC479F72-FB37-8CE7-A98B-A9F8501677F7}"
EndProject
Project("{796C7208-3F04-3862-7144-60E05636DDE0}") = "ADangerousGame", "Assembly-UnityScript.unityproj", "{BD3F646E-475A-D0F5-AB15-C4F443407B5D}"
EndProject
Global
	GlobalSection(SolutionConfigurationPlatforms) = preSolution
		Debug|Any CPU = Debug|Any CPU
		Release|Any CPU = Release|Any CPU
	EndGlobalSection
	GlobalSection(ProjectConfigurationPlatforms) = postSolution
		{5C55CBB8-ABE5-6A07-47E3-6DF6A8837D73}.Debug|Any CPU.ActiveCfg = Debug|Any CPU
		{5C55CBB8-ABE5-6A07-47E3-6DF6A8837D73}.Debug|Any CPU.Build.0 = Debug|Any CPU
		{5C55CBB8-ABE5-6A07-47E3-6DF6A8837D73}.Release|Any CPU.ActiveCfg = Release|Any CPU
		{5C55CBB8-ABE5-6A07-47E3-6DF6A8837D73}.Release|Any CPU.Build.0 = Release|Any CPU
		{BCC3096A-7862-4A4F-6F11-0497A3080DF3}.Debug|Any CPU.ActiveCfg = Debug|Any CPU
		{BCC3096A-7862-4A4F-6F11-0497A3080DF3}.Debug|Any CPU.Build.0 = Debug|Any CPU
		{BCC3096A-7862-4A4F-6F11-0497A3080DF3}.Release|Any CPU.ActiveCfg = Release|Any CPU
		{BCC3096A-7862-4A4F-6F11-0497A3080DF3}.Release|Any CPU.Build.0 = Release|Any CPU
		{BC479F72-FB37-8CE7-A98B-A9F8501677F7}.Debug|Any CPU.ActiveCfg = Debug|Any CPU
		{BC479F72-FB37-8CE7-A98B-A9F8501677F7}.Debug|Any CPU.Build.0 = Debug|Any CPU
		{BC479F72-FB37-8CE7-A98B-A9F8501677F7}.Release|Any CPU.ActiveCfg = Release|Any CPU
		{BC479F72-FB37-8CE7-A98B-A9F8501677F7}.Release|Any CPU.Build.0 = Release|Any CPU
		{BD3F646E-475A-D0F5-AB15-C4F443407B5D}.Debug|Any CPU.ActiveCfg = Debug|Any CPU
		{BD3F646E-475A-D0F5-AB15-C4F443407B5D}.Debug|Any CPU.Build.0 = Debug|Any CPU
		{BD3F646E-475A-D0F5-AB15-C4F443407B5D}.Release|Any CPU.ActiveCfg = Release|Any CPU
		{BD3F646E-475A-D0F5-AB15-C4F443407B5D}.Release|Any CPU.Build.0 = Release|Any CPU
	EndGlobalSection
	GlobalSection(SolutionProperties) = preSolution
		HideSolutionNode = FALSE
	EndGlobalSection
																																					GlobalSection(MonoDevelopProperties) = preSolution
		StartupItem = Assembly-CSharp.csproj
		Policies = $0
		$0.TextStylePolicy = $1
		$1.inheritsSet = null
		$1.scope = text/x-csharp
		$0.CSharpFormattingPolicy = $2
		$2.inheritsSet = Mono
		$2.inheritsScope = text/x-csharp
		$2.scope = text/x-csharp
		$0.TextStylePolicy = $3
		$3.FileWidth = 120
		$3.TabWidth = 4
		$3.EolMarker = Unix
		$3.inheritsSet = Mono
		$3.inheritsScope = text/plain
		$3.scope = text/plain
	EndGlobalSection

EndGlobal
